# @generated - this file is auto-generated by `mise lock` https://mise.en.dev/dev-tools/mise-lock.html

[[tools.aube]]
version = "1.16.1"
backend = "github:endevco/aube"

[tools.aube."platforms.linux-arm64"]
checksum = "sha256:5e1a207be4b83cd1e0186402764b56e5a702c0332f519959c16d02f4cee9e008"
url = "https://github.com/endevco/aube/releases/download/v1.16.1/aube-v1.16.1-aarch64-unknown-linux-gnu.tar.gz"
url_api = "https://api.github.com/repos/endevco/aube/releases/assets/433127937"
provenance = "github-attestations"

[tools.aube."platforms.linux-arm64-musl"]
checksum = "sha256:8c3098765cee83d654176fd2ed5eadd7224cff08d76f0ce551149fe65ee082d8"
url = "https://github.com/endevco/aube/releases/download/v1.16.1/aube-v1.16.1-aarch64-unknown-linux-musl.tar.gz"
url_api = "https://api.github.com/repos/endevco/aube/releases/assets/432794003"
provenance = "github-attestations"

[tools.aube."platforms.linux-x64"]
checksum = "sha256:3f3d183d6a9644391ffa3ac521c010c90cebc4fd6ab208aa9aa552c70986a357"
url = "https://github.com/endevco/aube/releases/download/v1.16.1/aube-v1.16.1-x86_64-unknown-linux-gnu.tar.gz"
url_api = "https://api.github.com/repos/endevco/aube/releases/assets/432797995"
provenance = "github-attestations"

[tools.aube."platforms.linux-x64-musl"]
checksum = "sha256:2ac54a2bc6248c6b1df9c3a160beea6cf3255102337488f5d3b2dc317ea673a0"
url = "https://github.com/endevco/aube/releases/download/v1.16.1/aube-v1.16.1-x86_64-unknown-linux-musl.tar.gz"
url_api = "https://api.github.com/repos/endevco/aube/releases/assets/432798092"
provenance = "github-attestations"

[tools.aube."platforms.macos-arm64"]
checksum = "sha256:3acf85c4373d30800dd739c279bdbecc5f602ee82009498408b82ce99c8e3f72"
url = "https://github.com/endevco/aube/releases/download/v1.16.1/aube-v1.16.1-aarch64-apple-darwin.tar.gz"
url_api = "https://api.github.com/repos/endevco/aube/releases/assets/432824150"
provenance = "github-attestations"

[tools.aube."platforms.windows-x64"]
checksum = "sha256:950fb818925c31dca4e122bae72a6088c92edc8760c8374fbf0470620ce5e1fa"
url = "https://github.com/endevco/aube/releases/download/v1.16.1/aube-v1.16.1-x86_64-pc-windows-msvc.zip"
url_api = "https://api.github.com/repos/endevco/aube/releases/assets/432804595"
provenance = "github-attestations"

[[tools.hk]]
version = "1.46.0"
backend = "aqua:jdx/hk"

[tools.hk."platforms.linux-arm64"]
checksum = "sha256:bad1b4e52cce2147646d943baa06a7bdb3d182ae0876853897a72225626411ae"
url = "https://github.com/jdx/hk/releases/download/v1.46.0/hk-aarch64-unknown-linux-gnu.tar.gz"

[tools.hk."platforms.linux-arm64-musl"]
checksum = "sha256:ad11b69485096ec5b1822f5bad298d2a44664b85d10d0308c812473b17b1321a"
url = "https://github.com/jdx/hk/releases/download/v1.46.0/hk-aarch64-unknown-linux-musl.tar.gz"

[tools.hk."platforms.linux-x64"]
checksum = "sha256:85b2cc167443cd27b49e323ef9b9d1a946d4bc18196eccb66112842d30fb90cb"
url = "https://github.com/jdx/hk/releases/download/v1.46.0/hk-x86_64-unknown-linux-gnu.tar.gz"

[tools.hk."platforms.linux-x64-musl"]
checksum = "sha256:4ff45e1bfc9672b1b00572b4a50fac3b57e4add622ed56e9e2587745299932eb"
url = "https://github.com/jdx/hk/releases/download/v1.46.0/hk-x86_64-unknown-linux-musl.tar.gz"

[tools.hk."platforms.macos-arm64"]
checksum = "sha256:9db3fac25754cfb929dc3f92b294fffdb966d4e838b8e0adeaf5b9b7eccc4f6c"
url = "https://github.com/jdx/hk/releases/download/v1.46.0/hk-aarch64-apple-darwin.tar.gz"

[tools.hk."platforms.windows-x64"]
checksum = "sha256:5af7e769acb7f70d8630ed53ae1fb2cc4b205117f29df5d83619fa0ff72a3bf1"
url = "https://github.com/jdx/hk/releases/download/v1.46.0/hk-x86_64-pc-windows-msvc.zip"

[[tools.node]]
version = "26.2.0"
backend = "core:node"

[tools.node."platforms.linux-arm64"]
checksum = "sha256:bf52461d25017479cdc549642c4e7a2303ac5c5395d7c3d026d5d8b3fa283c05"
url = "https://nodejs.org/dist/v26.2.0/node-v26.2.0-linux-arm64.tar.gz"

[tools.node."platforms.linux-arm64-musl"]
checksum = "sha256:4593d822012fe3238814721909408c66f2a82955e0141457643a7a4c84e132fd"
url = "https://unofficial-builds.nodejs.org/download/release/v26.2.0/node-v26.2.0-linux-arm64-musl.tar.gz"

[tools.node."platforms.linux-x64"]
checksum = "sha256:8e5b4b969bb2414aca2ff84d2b99608511aedca32bf8a8427e6187dbdd703bbe"
url = "https://nodejs.org/dist/v26.2.0/node-v26.2.0-linux-x64.tar.gz"

[tools.node."platforms.linux-x64-musl"]
checksum = "sha256:9efc99332e1cf70eeb85618398467c9d339bc208be65115380c611dda4c28407"
url = "https://unofficial-builds.nodejs.org/download/release/v26.2.0/node-v26.2.0-linux-x64-musl.tar.gz"

[tools.node."platforms.macos-arm64"]
checksum = "sha256:2d8575b6a749c0bc66cc6ecd22a952f7d9bbf3b0ea76fcb0ed3ce858018afff7"
url = "https://nodejs.org/dist/v26.2.0/node-v26.2.0-darwin-arm64.tar.gz"

[tools.node."platforms.macos-x64"]
checksum = "sha256:26a5480d0dd952be86beae83e6636dacd7a3ffd17ef51d0b26bc9b260f2b42e9"
url = "https://nodejs.org/dist/v26.2.0/node-v26.2.0-darwin-x64.tar.gz"

[tools.node."platforms.windows-x64"]
checksum = "sha256:371071a4f7e2c8a5dd280730049c685911feecc59f50ebc488d675dc1087c69c"
url = "https://nodejs.org/dist/v26.2.0/node-v26.2.0-win-x64.zip"

[[tools.pitchfork]]
version = "2.12.1"
backend = "aqua:jdx/pitchfork"

[tools.pitchfork."platforms.linux-arm64"]
checksum = "sha256:2495e7423530fbd3ebc7370ed1d4aa1874e318624ec3c3684f89006e2fe1fd41"
url = "https://github.com/endevco/pitchfork/releases/download/v2.12.1/pitchfork-aarch64-unknown-linux-gnu.tar.gz"

[tools.pitchfork."platforms.linux-x64"]
checksum = "sha256:c9c844249a4439d5541eaca83cc8a4de180dc2166edf306165fcdd18588a50b7"
url = "https://github.com/endevco/pitchfork/releases/download/v2.12.1/pitchfork-x86_64-unknown-linux-gnu.tar.gz"

[tools.pitchfork."platforms.macos-arm64"]
checksum = "sha256:b19d93a4cfd588bc86ebdffe5cf89c724cbe51d916a6db21e6f4ee3eaeeadf6a"
url = "https://github.com/endevco/pitchfork/releases/download/v2.12.1/pitchfork-aarch64-apple-darwin.tar.gz"

[tools.pitchfork."platforms.windows-x64"]
checksum = "sha256:c20639def59a3803605ce94f7babc74a39f7343606ef03c0b24cbceb81c8b2f0"
url = "https://github.com/endevco/pitchfork/releases/download/v2.12.1/pitchfork-x86_64-pc-windows-msvc.zip"

[[tools.pkl]]
version = "0.31.1"
backend = "aqua:apple/pkl"

[tools.pkl."platforms.linux-arm64"]
checksum = "sha256:7ef10e743daa921fb94ae7bdb9ec6986f362bf250c55814b9ea2aeb13f2d083e"
url = "https://github.com/apple/pkl/releases/download/0.31.1/pkl-linux-aarch64"

[tools.pkl."platforms.linux-arm64-musl"]
checksum = "sha256:7ef10e743daa921fb94ae7bdb9ec6986f362bf250c55814b9ea2aeb13f2d083e"
url = "https://github.com/apple/pkl/releases/download/0.31.1/pkl-linux-aarch64"

[tools.pkl."platforms.linux-x64"]
checksum = "sha256:618f13955d755cafbfe8c9cba1d27635848cd49dbc6abffd398d2751db1231bf"
url = "https://github.com/apple/pkl/releases/download/0.31.1/pkl-linux-amd64"

[tools.pkl."platforms.linux-x64-musl"]
checksum = "sha256:618f13955d755cafbfe8c9cba1d27635848cd49dbc6abffd398d2751db1231bf"
url = "https://github.com/apple/pkl/releases/download/0.31.1/pkl-linux-amd64"

[tools.pkl."platforms.macos-arm64"]
checksum = "sha256:1b6a5438d9624cd2798a7530721bbbfa27ef72efe5c878a1b6c546c6e7ca0e8f"
url = "https://github.com/apple/pkl/releases/download/0.31.1/pkl-macos-aarch64"

[tools.pkl."platforms.macos-x64"]
checksum = "sha256:22123ed4ae4c03afa8c54c69f77f0bec39b0fa0f67b09d6d148e0a376a2a471d"
url = "https://github.com/apple/pkl/releases/download/0.31.1/pkl-macos-amd64"

[tools.pkl."platforms.windows-x64"]
checksum = "sha256:a8834481667325b44c539dbb758d7365a16389070f343c04b639bbe525ede013"
url = "https://github.com/apple/pkl/releases/download/0.31.1/pkl-windows-amd64.exe"

[[tools.ruby]]
version = "4.0.5"
backend = "core:ruby"

[tools.ruby."platforms.linux-arm64"]
checksum = "sha256:fa8d337b2e97149f17d609cec5e6e5907f032390ad24bc3095f66157ce2eddf1"
url = "https://github.com/jdx/ruby/releases/download/4.0.5-1/ruby-4.0.5.arm64_linux.tar.gz"
provenance = "github-attestations"

[tools.ruby."platforms.linux-arm64-musl"]
checksum = "sha256:fa8d337b2e97149f17d609cec5e6e5907f032390ad24bc3095f66157ce2eddf1"
url = "https://github.com/jdx/ruby/releases/download/4.0.5-1/ruby-4.0.5.arm64_linux.tar.gz"
provenance = "github-attestations"

[tools.ruby."platforms.linux-x64"]
checksum = "sha256:831f0e8bdc423156065d7965116f8d5c5fac943aff9128342094e2d745bd2051"
url = "https://github.com/jdx/ruby/releases/download/4.0.5-1/ruby-4.0.5.x86_64_linux.tar.gz"
provenance = "github-attestations"

[tools.ruby."platforms.linux-x64-musl"]
checksum = "sha256:831f0e8bdc423156065d7965116f8d5c5fac943aff9128342094e2d745bd2051"
url = "https://github.com/jdx/ruby/releases/download/4.0.5-1/ruby-4.0.5.x86_64_linux.tar.gz"
provenance = "github-attestations"

[tools.ruby."platforms.macos-arm64"]
checksum = "sha256:cc07d78e61eef4a0d04fce62bce56b6822b261dbed30bad306f6bc7f9ca7085d"
url = "https://github.com/jdx/ruby/releases/download/4.0.5-1/ruby-4.0.5.macos.tar.gz"
provenance = "github-attestations"

[tools.ruby."platforms.macos-x64"]
checksum = "sha256:7d6149079a63f8ae1d326c9fa65c6019ba2dc3155eae7b39159817911c88958e"
url = "https://cache.ruby-lang.org/pub/ruby/4.0/ruby-4.0.5.tar.gz"

[tools.ruby."platforms.windows-x64"]
checksum = "sha256:74e31613fc71e6e23431dfc4d8b6ec2818a4dc1fd16e0983b074144c16719c8b"
url = "https://github.com/oneclick/rubyinstaller2/releases/download/RubyInstaller-4.0.5-1/rubyinstaller-4.0.5-1-x64.7z"
