GEM
  remote: https://rubygems.org/
  specs:
    android_key_attestation (0.3.0)
    ast (2.4.3)
    async (2.43.0)
      console (~> 1.29)
      fiber-annotation
      io-event (~> 1.11)
    async-container (0.37.0)
      async (~> 2.22)
    async-http (0.98.1)
      async (>= 2.35.1)
      async-pool (~> 0.11)
      io-endpoint (~> 0.14)
      io-stream (~> 0.14)
      protocol-http (~> 0.64)
      protocol-http1 (~> 0.39)
      protocol-http2 (~> 0.26)
      protocol-url (~> 0.2)
    async-http-cache (0.4.6)
      async-http (~> 0.56)
    async-pool (0.11.2)
      async (>= 2.0)
    async-service (0.24.1)
      async
      async-container (~> 0.34)
      string-format (~> 0.2)
    async-utilization (0.4.0)
      console (~> 1.0)
    async-websocket (0.30.1)
      async-http (~> 0.76)
      protocol-http (~> 0.34)
      protocol-rack (~> 0.7)
      protocol-websocket (~> 0.17)
    bake (0.25.0)
      bigdecimal
      samovar (~> 2.1)
    base64 (0.3.0)
    bigdecimal (4.1.2)
    bindata (2.5.1)
    browser (6.2.0)
    bundler-audit (0.9.3)
      bundler (>= 1.2.0)
      thor (~> 1.0)
    cbor (0.5.10.3)
    chunky_png (1.4.0)
    coderay (1.1.3)
    concurrent-ruby (1.3.8)
    concurrent-ruby-ext (1.3.8)
      concurrent-ruby (= 1.3.8)
    console (1.37.0)
      fiber-annotation
      fiber-local (~> 1.1)
      json
    cose (1.3.1)
      cbor (~> 0.5.9)
      openssl-signature_algorithm (~> 1.0)
    database_cleaner-core (2.0.1)
    database_cleaner-sequel (2.0.2)
      database_cleaner-core (~> 2.0.0)
      sequel
    date (3.5.1)
    diff-lcs (1.6.2)
    dry-core (1.2.0)
      concurrent-ruby (~> 1.0)
      logger
      zeitwerk (~> 2.6)
    dry-monads (1.10.0)
      concurrent-ruby (~> 1.0)
      dry-core (~> 1.1)
      zeitwerk (~> 2.6)
    erb (6.0.6)
    erubi (1.13.1)
    falcon (0.55.6)
      async
      async-container (~> 0.20)
      async-http (~> 0.75)
      async-http-cache (~> 0.4)
      async-service (~> 0.19)
      async-utilization (~> 0.3)
      bundler
      localhost (~> 1.1)
      openssl (>= 3.0)
      protocol-http (~> 0.31)
      protocol-rack (~> 0.7)
      samovar (~> 2.3)
    ffi (1.17.4-aarch64-linux-gnu)
    ffi (1.17.4-aarch64-linux-musl)
    ffi (1.17.4-arm64-darwin)
    ffi (1.17.4-x86_64-darwin)
    ffi (1.17.4-x86_64-linux-gnu)
    ffi (1.17.4-x86_64-linux-musl)
    fiber-annotation (0.2.0)
    fiber-local (1.1.0)
      fiber-storage
    fiber-storage (1.0.1)
    fido_metadata (0.5.0)
      base64 (>= 0.1.0)
      jwt (>= 2.0, < 4)
    io-console (0.8.2)
    io-endpoint (0.17.2)
    io-event (1.19.3)
    io-stream (0.14.0)
      openssl (>= 3.3)
    irb (1.18.0)
      pp (>= 0.6.0)
      prism (>= 1.3.0)
      rdoc (>= 4.0.0)
      reline (>= 0.4.2)
    json (2.21.2)
    jwt (3.2.0)
      base64
    language_server-protocol (3.17.0.6)
    lint_roller (1.1.0)
    listen (3.10.0)
      logger
      rb-fsevent (~> 0.10, >= 0.10.3)
      rb-inotify (~> 0.9, >= 0.9.10)
    localhost (1.8.0)
      bake
    logger (1.7.0)
    mail (2.9.1)
      logger
      mini_mime (>= 0.1.1)
      net-imap
      net-pop
      net-smtp
    method_source (1.1.0)
    mini_mime (1.1.5)
    mmdb (0.3.2)
    net-imap (0.6.4.1)
      date
      net-protocol
    net-pop (0.1.2)
      net-protocol
    net-protocol (0.2.2)
      timeout
    net-smtp (0.5.1)
      net-protocol
    openssl (4.0.2)
    openssl-signature_algorithm (1.3.0)
      openssl (> 2.0)
    parallel (2.1.0)
    parser (3.3.12.0)
      ast (~> 2.4.1)
      racc
    pg (1.6.3-aarch64-linux)
    pg (1.6.3-aarch64-linux-musl)
    pg (1.6.3-arm64-darwin)
    pg (1.6.3-x86_64-darwin)
    pg (1.6.3-x86_64-linux)
    pg (1.6.3-x86_64-linux-musl)
    pp (0.6.4)
      prettyprint
    prettyprint (0.2.0)
    prism (1.9.0)
    protocol-hpack (1.5.1)
    protocol-http (0.64.0)
    protocol-http1 (0.39.0)
      protocol-http (~> 0.62)
    protocol-http2 (0.26.2)
      protocol-hpack (~> 1.4)
      protocol-http (~> 0.62)
    protocol-rack (0.22.1)
      io-stream (>= 0.10)
      protocol-http (~> 0.58)
      rack (>= 1.0)
    protocol-url (0.4.0)
    protocol-websocket (0.21.1)
      protocol-http (~> 0.2)
    pry (0.16.0)
      coderay (~> 1.1)
      method_source (~> 1.0)
      reline (>= 0.6.0)
    racc (1.8.1)
    rack (3.2.6)
    rack-attack (6.8.0)
      rack (>= 1.0, < 4)
    rack-test (2.2.0)
      rack (>= 1.3)
    rainbow (3.1.1)
    rake (13.4.2)
    rb-fsevent (0.11.2)
    rb-inotify (0.11.1)
      ffi (~> 1.0)
    rbnacl (7.1.2)
      ffi (~> 1)
    rbs (4.0.3)
      logger
      prism (>= 1.6.0)
      tsort
    rdoc (8.0.0)
      erb
      prism (>= 1.6.0)
      rbs (>= 4.0.0)
      tsort
    regexp_parser (2.12.0)
    reline (0.6.3)
      io-console (~> 0.5)
    roda (3.106.0)
      rack
    roda-websockets (0.1.0)
      async-websocket (~> 0.12)
      falcon (~> 0.33)
      roda (~> 3.0)
    rqrcode (3.2.0)
      chunky_png (~> 1.0)
      rqrcode_core (~> 2.0)
    rqrcode_core (2.1.0)
    rspec (3.13.2)
      rspec-core (~> 3.13.0)
      rspec-expectations (~> 3.13.0)
      rspec-mocks (~> 3.13.0)
    rspec-core (3.13.6)
      rspec-support (~> 3.13.0)
    rspec-expectations (3.13.5)
      diff-lcs (>= 1.2.0, < 2.0)
      rspec-support (~> 3.13.0)
    rspec-mocks (3.13.8)
      diff-lcs (>= 1.2.0, < 2.0)
      rspec-support (~> 3.13.0)
    rspec-support (3.13.7)
    rubocop (1.88.2)
      json (~> 2.3)
      language_server-protocol (~> 3.17.0.2)
      lint_roller (~> 1.1.0)
      parallel (>= 1.10)
      parser (>= 3.3.0.2)
      rainbow (>= 2.2.2, < 4.0)
      regexp_parser (>= 2.9.3, < 3.0)
      rubocop-ast (>= 1.49.0, < 2.0)
      ruby-progressbar (~> 1.7)
      unicode-display_width (>= 2.4.0, < 4.0)
    rubocop-ast (1.50.0)
      parser (>= 3.3.7.2)
      prism (~> 1.7)
    rubocop-performance (1.26.1)
      lint_roller (~> 1.1)
      rubocop (>= 1.75.0, < 2.0)
      rubocop-ast (>= 1.47.1, < 2.0)
    rubocop-rake (0.7.1)
      lint_roller (~> 1.1)
      rubocop (>= 1.72.1)
    rubocop-rspec (3.10.2)
      lint_roller (~> 1.1)
      regexp_parser (>= 2.0)
      rubocop (~> 1.86, >= 1.86.2)
    rubocop-sequel (0.4.1)
      lint_roller (~> 1.1)
      rubocop (>= 1.72.1, < 2)
    ruby-progressbar (1.13.0)
    safety_net_attestation (0.5.0)
      jwt (>= 2.0, < 4.0)
    samovar (2.5.1)
      console (~> 1.0)
    sequel (5.106.0)
      bigdecimal
    sequel_pg (1.19.0)
      pg (>= 0.18.0, != 1.2.0)
      sequel (>= 4.38.0)
    sqlite3 (2.9.5-aarch64-linux-gnu)
    sqlite3 (2.9.5-aarch64-linux-musl)
    sqlite3 (2.9.5-arm64-darwin)
    sqlite3 (2.9.5-x86_64-darwin)
    sqlite3 (2.9.5-x86_64-linux-gnu)
    sqlite3 (2.9.5-x86_64-linux-musl)
    string-format (0.2.0)
    thor (1.5.0)
    tilt (2.8.0)
    timeout (0.6.1)
    tpm-key_attestation (0.14.1)
      bindata (~> 2.4)
      openssl (> 2.0)
      openssl-signature_algorithm (~> 1.0)
    tsort (0.2.0)
    tzinfo (2.0.6)
      concurrent-ruby (~> 1.0)
    tzinfo-data (1.2026.3)
      tzinfo (>= 1.0.0)
    unicode-display_width (3.2.0)
      unicode-emoji (~> 4.1)
    unicode-emoji (4.2.0)
    web-push (3.1.0)
      jwt (~> 3.0)
      openssl (>= 3.0)
    webauthn (3.4.3)
      android_key_attestation (~> 0.3.0)
      bindata (~> 2.4)
      cbor (~> 0.5.9)
      cose (~> 1.1)
      openssl (>= 2.2)
      safety_net_attestation (~> 0.5.0)
      tpm-key_attestation (~> 0.14.0)
    zeitwerk (2.8.2)

PLATFORMS
  aarch64-linux
  aarch64-linux-musl
  arm64-darwin
  universal-darwin
  x86_64-darwin
  x86_64-linux
  x86_64-linux-musl

DEPENDENCIES
  browser
  bundler-audit
  chunky_png
  concurrent-ruby-ext
  database_cleaner-sequel
  dry-monads
  erubi
  falcon
  fido_metadata
  irb
  json
  jwt
  listen
  logger
  mail (~> 2.9)
  mmdb
  pg
  pry
  rack-attack
  rack-test
  rake
  rbnacl
  roda (~> 3.106)
  roda-websockets
  rqrcode
  rspec
  rubocop
  rubocop-performance
  rubocop-rake
  rubocop-rspec
  rubocop-sequel
  sequel
  sequel_pg
  sqlite3
  tilt
  tzinfo
  tzinfo-data
  web-push (~> 3.1)
  webauthn
  zeitwerk

RUBY VERSION
  ruby 4.0.0

BUNDLED WITH
  4.0.5
